{
  "nodes": {
    "catppuccin": {
      "inputs": {
        "nixpkgs": "nixpkgs"
      },
      "locked": {
        "lastModified": 1758956381,
        "narHash": "sha256-ROUw5E8CibG3jEy6oHjrkF6/P60eiaUJmc2s2ecC/LM=",
        "owner": "catppuccin",
        "repo": "nix",
        "rev": "02dee881c3e644e2b561f407742f1fd927c40b83",
        "type": "github"
      },
      "original": {
        "owner": "catppuccin",
        "repo": "nix",
        "type": "github"
      }
    },
    "flake-compat": {
      "flake": false,
      "locked": {
        "lastModified": 1747046372,
        "narHash": "sha256-CIVLLkVgvHYbgI2UpXvIIBJ12HWgX+fjA8Xf8PUmqCY=",
        "owner": "edolstra",
        "repo": "flake-compat",
        "rev": "9100a0f413b0c601e0533d1d94ffd501ce2e7885",
        "type": "github"
      },
      "original": {
        "owner": "edolstra",
        "repo": "flake-compat",
        "type": "github"
      }
    },
    "flake-compat_2": {
      "flake": false,
      "locked": {
        "lastModified": 1747046372,
        "narHash": "sha256-CIVLLkVgvHYbgI2UpXvIIBJ12HWgX+fjA8Xf8PUmqCY=",
        "owner": "edolstra",
        "repo": "flake-compat",
        "rev": "9100a0f413b0c601e0533d1d94ffd501ce2e7885",
        "type": "github"
      },
      "original": {
        "owner": "edolstra",
        "repo": "flake-compat",
        "type": "github"
      }
    },
    "flake-parts": {
      "inputs": {
        "nixpkgs-lib": "nixpkgs-lib"
      },
      "locked": {
        "lastModified": 1756770412,
        "narHash": "sha256-+uWLQZccFHwqpGqr2Yt5VsW/PbeJVTn9Dk6SHWhNRPw=",
        "owner": "hercules-ci",
        "repo": "flake-parts",
        "rev": "4524271976b625a4a605beefd893f270620fd751",
        "type": "github"
      },
      "original": {
        "owner": "hercules-ci",
        "repo": "flake-parts",
        "type": "github"
      }
    },
    "flake-parts_2": {
      "inputs": {
        "nixpkgs-lib": [
          "nur",
          "nixpkgs"
        ]
      },
      "locked": {
        "lastModified": 1733312601,
        "narHash": "sha256-4pDvzqnegAfRkPwO3wmwBhVi/Sye1mzps0zHWYnP88c=",
        "owner": "hercules-ci",
        "repo": "flake-parts",
        "rev": "205b12d8b7cd4802fbcb8e8ef6a0f1408781a4f9",
        "type": "github"
      },
      "original": {
        "owner": "hercules-ci",
        "repo": "flake-parts",
        "type": "github"
      }
    },
    "flake-utils": {
      "inputs": {
        "systems": "systems"
      },
      "locked": {
        "lastModified": 1731533236,
        "narHash": "sha256-l0KFg5HjrsfsO/JpG+r7fRrqm12kzFHyUHqHCVpMMbI=",
        "owner": "numtide",
        "repo": "flake-utils",
        "rev": "11707dc2f618dd54ca8739b309ec4fc024de578b",
        "type": "github"
      },
      "original": {
        "owner": "numtide",
        "repo": "flake-utils",
        "type": "github"
      }
    },
    "flake-utils_2": {
      "inputs": {
        "systems": "systems_2"
      },
      "locked": {
        "lastModified": 1731533236,
        "narHash": "sha256-l0KFg5HjrsfsO/JpG+r7fRrqm12kzFHyUHqHCVpMMbI=",
        "owner": "numtide",
        "repo": "flake-utils",
        "rev": "11707dc2f618dd54ca8739b309ec4fc024de578b",
        "type": "github"
      },
      "original": {
        "owner": "numtide",
        "repo": "flake-utils",
        "type": "github"
      }
    },
    "flake-utils_3": {
      "inputs": {
        "systems": "systems_3"
      },
      "locked": {
        "lastModified": 1731533236,
        "narHash": "sha256-l0KFg5HjrsfsO/JpG+r7fRrqm12kzFHyUHqHCVpMMbI=",
        "owner": "numtide",
        "repo": "flake-utils",
        "rev": "11707dc2f618dd54ca8739b309ec4fc024de578b",
        "type": "github"
      },
      "original": {
        "owner": "numtide",
        "repo": "flake-utils",
        "type": "github"
      }
    },
    "home-manager": {
      "inputs": {
        "nixpkgs": [
          "nixpkgs"
        ]
      },
      "locked": {
        "lastModified": 1759088654,
        "narHash": "sha256-31Xc5bIeqqOJA0Kuk9s7TAMakuyggGHBluP3LqedQiE=",
        "owner": "nix-community",
        "repo": "home-manager",
        "rev": "a97df40c1966cc46b5f6817ac8d8e240da03de96",
        "type": "github"
      },
      "original": {
        "owner": "nix-community",
        "repo": "home-manager",
        "type": "github"
      }
    },
    "nix-options-doc": {
      "inputs": {
        "flake-utils": "flake-utils_2",
        "nixpkgs": "nixpkgs_2",
        "rust-overlay": "rust-overlay"
      },
      "locked": {
        "lastModified": 1742115705,
        "narHash": "sha256-RfXwJPWBoWswIU68+y/XZfTWtFHd/fK14bKvOlRmfPo=",
        "owner": "Thunderbottom",
        "repo": "nix-options-doc",
        "rev": "2caa4b5756a8666d65d70122f413e295f56886e7",
        "type": "github"
      },
      "original": {
        "owner": "Thunderbottom",
        "ref": "v0.2.0",
        "repo": "nix-options-doc",
        "type": "github"
      }
    },
    "nix-options-doc_2": {
      "inputs": {
        "flake-utils": "flake-utils_3",
        "nixpkgs": "nixpkgs_5",
        "rust-overlay": "rust-overlay_2"
      },
      "locked": {
        "lastModified": 1742115705,
        "narHash": "sha256-RfXwJPWBoWswIU68+y/XZfTWtFHd/fK14bKvOlRmfPo=",
        "owner": "Thunderbottom",
        "repo": "nix-options-doc",
        "rev": "2caa4b5756a8666d65d70122f413e295f56886e7",
        "type": "github"
      },
      "original": {
        "owner": "Thunderbottom",
        "ref": "v0.2.0",
        "repo": "nix-options-doc",
        "type": "github"
      }
    },
    "nix-vscode-extensions": {
      "inputs": {
        "flake-utils": "flake-utils",
        "nixpkgs": [
          "nixpkgs"
        ]
      },
      "locked": {
        "lastModified": 1759024939,
        "narHash": "sha256-4HEtZ+hVr8c/rbr1xXb9yq7YA/Ued5KrixAvhuIAg/4=",
        "owner": "nix-community",
        "repo": "nix-vscode-extensions",
        "rev": "6db4b0a9395b1002b6d18c6967d4cd2566e8bd16",
        "type": "github"
      },
      "original": {
        "owner": "nix-community",
        "repo": "nix-vscode-extensions",
        "type": "github"
      }
    },
    "nixos-cli": {
      "inputs": {
        "flake-compat": "flake-compat",
        "nix-options-doc": "nix-options-doc",
        "nixpkgs": "nixpkgs_3"
      },
      "locked": {
        "lastModified": 1759048056,
        "narHash": "sha256-VBDbG7ir64dYPXPqKxTT8HsqQcWGPDRpfifr+ng/Mo4=",
        "owner": "nix-community",
        "repo": "nixos-cli",
        "rev": "44568f7bd4fdbadecefef7ed110701f00fea5376",
        "type": "github"
      },
      "original": {
        "owner": "nix-community",
        "repo": "nixos-cli",
        "type": "github"
      }
    },
    "nixos-hardware": {
      "locked": {
        "lastModified": 1758663926,
        "narHash": "sha256-6CFdj7Xs616t1W4jLDH7IohAAvl5Dyib3qEv/Uqw1rk=",
        "owner": "NixOS",
        "repo": "nixos-hardware",
        "rev": "170ff93c860b2a9868ed1e1102d4e52cb3d934e1",
        "type": "github"
      },
      "original": {
        "owner": "NixOS",
        "repo": "nixos-hardware",
        "type": "github"
      }
    },
    "nixpkgs": {
      "locked": {
        "lastModified": 1758035966,
        "narHash": "sha256-qqIJ3yxPiB0ZQTT9//nFGQYn8X/PBoJbofA7hRKZnmE=",
        "owner": "NixOS",
        "repo": "nixpkgs",
        "rev": "8d4ddb19d03c65a36ad8d189d001dc32ffb0306b",
        "type": "github"
      },
      "original": {
        "owner": "NixOS",
        "ref": "nixos-unstable",
        "repo": "nixpkgs",
        "type": "github"
      }
    },
    "nixpkgs-lib": {
      "locked": {
        "lastModified": 1754788789,
        "narHash": "sha256-x2rJ+Ovzq0sCMpgfgGaaqgBSwY+LST+WbZ6TytnT9Rk=",
        "owner": "nix-community",
        "repo": "nixpkgs.lib",
        "rev": "a73b9c743612e4244d865a2fdee11865283c04e6",
        "type": "github"
      },
      "original": {
        "owner": "nix-community",
        "repo": "nixpkgs.lib",
        "type": "github"
      }
    },
    "nixpkgs_2": {
      "locked": {
        "lastModified": 1740695751,
        "narHash": "sha256-D+R+kFxy1KsheiIzkkx/6L63wEHBYX21OIwlFV8JvDs=",
        "owner": "nixos",
        "repo": "nixpkgs",
        "rev": "6313551cd05425cd5b3e63fe47dbc324eabb15e4",
        "type": "github"
      },
      "original": {
        "owner": "nixos",
        "ref": "nixos-unstable",
        "repo": "nixpkgs",
        "type": "github"
      }
    },
    "nixpkgs_3": {
      "locked": {
        "lastModified": 1756636162,
        "narHash": "sha256-mBecwgUTWRgClJYqcF+y4O1bY8PQHqeDpB+zsAn+/zA=",
        "owner": "NixOS",
        "repo": "nixpkgs",
        "rev": "37ff64b7108517f8b6ba5705ee5085eac636a249",
        "type": "github"
      },
      "original": {
        "owner": "NixOS",
        "ref": "nixpkgs-unstable",
        "repo": "nixpkgs",
        "type": "github"
      }
    },
    "nixpkgs_4": {
      "locked": {
        "lastModified": 1759090897,
        "narHash": "sha256-wLVyhWGGxlLbQSnrZ730bfDz5niMylqgynUIKGeeoUw=",
        "owner": "nixOS",
        "repo": "nixpkgs",
        "rev": "573b5ee846daf889a2f880ee37dbfecf34ac3e34",
        "type": "github"
      },
      "original": {
        "owner": "nixOS",
        "repo": "nixpkgs",
        "type": "github"
      }
    },
    "nixpkgs_5": {
      "locked": {
        "lastModified": 1740695751,
        "narHash": "sha256-D+R+kFxy1KsheiIzkkx/6L63wEHBYX21OIwlFV8JvDs=",
        "owner": "nixos",
        "repo": "nixpkgs",
        "rev": "6313551cd05425cd5b3e63fe47dbc324eabb15e4",
        "type": "github"
      },
      "original": {
        "owner": "nixos",
        "ref": "nixos-unstable",
        "repo": "nixpkgs",
        "type": "github"
      }
    },
    "nixpkgs_6": {
      "locked": {
        "lastModified": 1753934836,
        "narHash": "sha256-G06FmIBj0I5bMW1Q8hAEIl5N7IHMK7+Ta4KA+BmneDA=",
        "owner": "NixOS",
        "repo": "nixpkgs",
        "rev": "8679b16e11becd487b45d568358ddf9d5640d860",
        "type": "github"
      },
      "original": {
        "owner": "NixOS",
        "ref": "nixpkgs-unstable",
        "repo": "nixpkgs",
        "type": "github"
      }
    },
    "nixpkgs_7": {
      "locked": {
        "lastModified": 1754340878,
        "narHash": "sha256-lgmUyVQL9tSnvvIvBp7x1euhkkCho7n3TMzgjdvgPoU=",
        "owner": "nixos",
        "repo": "nixpkgs",
        "rev": "cab778239e705082fe97bb4990e0d24c50924c04",
        "type": "github"
      },
      "original": {
        "owner": "nixos",
        "ref": "nixpkgs-unstable",
        "repo": "nixpkgs",
        "type": "github"
      }
    },
    "nur": {
      "inputs": {
        "flake-parts": "flake-parts_2",
        "nixpkgs": [
          "nixpkgs"
        ]
      },
      "locked": {
        "lastModified": 1759087535,
        "narHash": "sha256-T1XS/Vw1IkOF/fQ0mXQzGIUTlH0vcaBYo2g2SCVMoP8=",
        "owner": "nix-community",
        "repo": "NUR",
        "rev": "f4f4e3fecf360340d4ed2740d7e02881616e7be9",
        "type": "github"
      },
      "original": {
        "owner": "nix-community",
        "repo": "NUR",
        "type": "github"
      }
    },
    "optnix": {
      "inputs": {
        "flake-compat": "flake-compat_2",
        "nix-options-doc": "nix-options-doc_2",
        "nixpkgs": "nixpkgs_6"
      },
      "locked": {
        "lastModified": 1757140173,
        "narHash": "sha256-/eqhS4/moTlmcnHpqD8zns0aX4l2lWemJbqHza1IVKs=",
        "owner": "water-sucks",
        "repo": "optnix",
        "rev": "242cb017500212405cb4e4098415c588d39d2556",
        "type": "github"
      },
      "original": {
        "owner": "water-sucks",
        "repo": "optnix",
        "type": "github"
      }
    },
    "root": {
      "inputs": {
        "catppuccin": "catppuccin",
        "flake-parts": "flake-parts",
        "home-manager": "home-manager",
        "nix-vscode-extensions": "nix-vscode-extensions",
        "nixos-cli": "nixos-cli",
        "nixos-hardware": "nixos-hardware",
        "nixpkgs": "nixpkgs_4",
        "nur": "nur",
        "optnix": "optnix",
        "treefmt-nix": "treefmt-nix"
      }
    },
    "rust-overlay": {
      "inputs": {
        "nixpkgs": [
          "nixos-cli",
          "nix-options-doc",
          "nixpkgs"
        ]
      },
      "locked": {
        "lastModified": 1740796337,
        "narHash": "sha256-FuoXrXZPoJEZQ3PF7t85tEpfBVID9JQIOnVKMNfTAb0=",
        "owner": "oxalica",
        "repo": "rust-overlay",
        "rev": "bbac9527bc6b28b6330b13043d0e76eac11720dc",
        "type": "github"
      },
      "original": {
        "owner": "oxalica",
        "repo": "rust-overlay",
        "type": "github"
      }
    },
    "rust-overlay_2": {
      "inputs": {
        "nixpkgs": [
          "optnix",
          "nix-options-doc",
          "nixpkgs"
        ]
      },
      "locked": {
        "lastModified": 1740796337,
        "narHash": "sha256-FuoXrXZPoJEZQ3PF7t85tEpfBVID9JQIOnVKMNfTAb0=",
        "owner": "oxalica",
        "repo": "rust-overlay",
        "rev": "bbac9527bc6b28b6330b13043d0e76eac11720dc",
        "type": "github"
      },
      "original": {
        "owner": "oxalica",
        "repo": "rust-overlay",
        "type": "github"
      }
    },
    "systems": {
      "locked": {
        "lastModified": 1681028828,
        "narHash": "sha256-Vy1rq5AaRuLzOxct8nz4T6wlgyUR7zLU309k9mBC768=",
        "owner": "nix-systems",
        "repo": "default",
        "rev": "da67096a3b9bf56a91d16901293e51ba5b49a27e",
        "type": "github"
      },
      "original": {
        "owner": "nix-systems",
        "repo": "default",
        "type": "github"
      }
    },
    "systems_2": {
      "locked": {
        "lastModified": 1681028828,
        "narHash": "sha256-Vy1rq5AaRuLzOxct8nz4T6wlgyUR7zLU309k9mBC768=",
        "owner": "nix-systems",
        "repo": "default",
        "rev": "da67096a3b9bf56a91d16901293e51ba5b49a27e",
        "type": "github"
      },
      "original": {
        "owner": "nix-systems",
        "repo": "default",
        "type": "github"
      }
    },
    "systems_3": {
      "locked": {
        "lastModified": 1681028828,
        "narHash": "sha256-Vy1rq5AaRuLzOxct8nz4T6wlgyUR7zLU309k9mBC768=",
        "owner": "nix-systems",
        "repo": "default",
        "rev": "da67096a3b9bf56a91d16901293e51ba5b49a27e",
        "type": "github"
      },
      "original": {
        "owner": "nix-systems",
        "repo": "default",
        "type": "github"
      }
    },
    "treefmt-nix": {
      "inputs": {
        "nixpkgs": "nixpkgs_7"
      },
      "locked": {
        "lastModified": 1758728421,
        "narHash": "sha256-ySNJ008muQAds2JemiyrWYbwbG+V7S5wg3ZVKGHSFu8=",
        "owner": "numtide",
        "repo": "treefmt-nix",
        "rev": "5eda4ee8121f97b218f7cc73f5172098d458f1d1",
        "type": "github"
      },
      "original": {
        "owner": "numtide",
        "repo": "treefmt-nix",
        "type": "github"
      }
    }
  },
  "root": "root",
  "version": 7
}
